github.com/wowchemy/wowchemy-hugo-modules/netlify-cms-academic v0.0.0-20201016182837-be0fa17ac006/go.mod h1:TU3QDPUdBSQnvDP5QVCwjAkBIdVMS/bKFA8jr3eI5AY=
github.com/wowchemy/wowchemy-hugo-modules/netlify-cms-academic v0.0.0-20201106215012-eb76e56841f8 h1:TFddhZc5b01C0AHiwgT2m9USTjV/aGZMCDNpig/1r94=
github.com/wowchemy/wowchemy-hugo-modules/netlify-cms-academic v0.0.0-20201106215012-eb76e56841f8/go.mod h1:TU3QDPUdBSQnvDP5QVCwjAkBIdVMS/bKFA8jr3eI5AY=
github.com/wowchemy/wowchemy-hugo-modules/netlify-cms-academic v0.0.0-20201107234021-93ce3d22adfc h1:GeESKsk5iLrdctI+faHJr+fxZdp91kaMQjZlvhxYaaU=
github.com/wowchemy/wowchemy-hugo-modules/netlify-cms-academic v0.0.0-20201107234021-93ce3d22adfc/go.mod h1:TU3QDPUdBSQnvDP5QVCwjAkBIdVMS/bKFA8jr3eI5AY=
github.com/wowchemy/wowchemy-hugo-modules/netlify-cms-academic v0.0.0-20201113213807-9ee65a120fe8 h1:md77MNLWh5zN/D+kQhrk1HxoWeOR31RkSqaNBrRLN+M=
github.com/wowchemy/wowchemy-hugo-modules/netlify-cms-academic v0.0.0-20201113213807-9ee65a120fe8/go.mod h1:TU3QDPUdBSQnvDP5QVCwjAkBIdVMS/bKFA8jr3eI5AY=
github.com/wowchemy/wowchemy-hugo-modules/netlify-cms-academic v0.0.0-20201127232226-e0d593e68892 h1:PXfWoCmgnkYZSUcJonrsC26VAZ3RioozGsqxg2BKDko=
github.com/wowchemy/wowchemy-hugo-modules/netlify-cms-academic v0.0.0-20201127232226-e0d593e68892/go.mod h1:TU3QDPUdBSQnvDP5QVCwjAkBIdVMS/bKFA8jr3eI5AY=
github.com/wowchemy/wowchemy-hugo-modules/netlify-cms-academic v0.0.0-20201129124759-cdcfa2da28e2 h1:9xMDzFv9AeLK1hk+/zUQZn9xMVEqnaEXLucTDmuV9wo=
github.com/wowchemy/wowchemy-hugo-modules/netlify-cms-academic v0.0.0-20201129124759-cdcfa2da28e2/go.mod h1:TU3QDPUdBSQnvDP5QVCwjAkBIdVMS/bKFA8jr3eI5AY=
github.com/wowchemy/wowchemy-hugo-modules/netlify-cms-academic v0.0.0-20201205224343-d70da8919962 h1:XNsLf9o4lVGHd3hnadtun6VjeDy0tHbPMO5fvS+lOjY=
github.com/wowchemy/wowchemy-hugo-modules/netlify-cms-academic v0.0.0-20201205224343-d70da8919962/go.mod h1:TU3QDPUdBSQnvDP5QVCwjAkBIdVMS/bKFA8jr3eI5AY=
github.com/wowchemy/wowchemy-hugo-modules/netlify-cms-academic v0.0.0-20201211023654-f6090cd7e55d h1:o3oXxH4+9fTBcBVJ5hAiFCJjJ5ZyQZV7glQJZLJeHc8=
github.com/wowchemy/wowchemy-hugo-modules/netlify-cms-academic v0.0.0-20201211023654-f6090cd7e55d/go.mod h1:TU3QDPUdBSQnvDP5QVCwjAkBIdVMS/bKFA8jr3eI5AY=
github.com/wowchemy/wowchemy-hugo-modules/netlify-cms-academic v0.0.0-20201213184117-a0b9887f37fb h1:EkBd7ZWpXknKgJ3pLJMUbnL5wtVmze/7qhlKIYfIv5k=
github.com/wowchemy/wowchemy-hugo-modules/netlify-cms-academic v0.0.0-20201213184117-a0b9887f37fb/go.mod h1:TU3QDPUdBSQnvDP5QVCwjAkBIdVMS/bKFA8jr3eI5AY=
github.com/wowchemy/wowchemy-hugo-modules/netlify-cms-academic v0.0.0-20201221153245-e47738df5972 h1:IoyAiOyl812vTkjNGT3VXVi/CYstb3Sb0Hu7oI972Ck=
github.com/wowchemy/wowchemy-hugo-modules/netlify-cms-academic v0.0.0-20201221153245-e47738df5972/go.mod h1:TU3QDPUdBSQnvDP5QVCwjAkBIdVMS/bKFA8jr3eI5AY=
github.com/wowchemy/wowchemy-hugo-modules/netlify-cms-academic v0.0.0-20201228231801-219b05cbd2c4 h1:taX+pKqywm2nxmGsVZNj2OCoW39yzLJHwfC4e3j2PO0=
github.com/wowchemy/wowchemy-hugo-modules/netlify-cms-academic v0.0.0-20201228231801-219b05cbd2c4/go.mod h1:TU3QDPUdBSQnvDP5QVCwjAkBIdVMS/bKFA8jr3eI5AY=
github.com/wowchemy/wowchemy-hugo-modules/netlify-cms-academic v0.0.0-20210113212712-ac4b4e3157c8 h1:lohTpQJIX+fllxECclKLOVLIkSOJsU/8xGKVqJBkODU=
github.com/wowchemy/wowchemy-hugo-modules/netlify-cms-academic v0.0.0-20210113212712-ac4b4e3157c8/go.mod h1:TU3QDPUdBSQnvDP5QVCwjAkBIdVMS/bKFA8jr3eI5AY=
github.com/wowchemy/wowchemy-hugo-modules/netlify-cms-academic v0.0.0-20210116234944-9f5c626c8f9f h1:aRH9w3I5W8VouMS56m+9H38wpTId6OIoCKPoR5YUSco=
github.com/wowchemy/wowchemy-hugo-modules/netlify-cms-academic v0.0.0-20210116234944-9f5c626c8f9f/go.mod h1:TU3QDPUdBSQnvDP5QVCwjAkBIdVMS/bKFA8jr3eI5AY=
github.com/wowchemy/wowchemy-hugo-modules/netlify-cms-academic v0.0.0-20210203203225-5072eddcc1eb h1:kkSxrx6LWG21xNGYhuSctfUh0S9V/JqydYsTeaWmkPc=
github.com/wowchemy/wowchemy-hugo-modules/netlify-cms-academic v0.0.0-20210203203225-5072eddcc1eb/go.mod h1:TU3QDPUdBSQnvDP5QVCwjAkBIdVMS/bKFA8jr3eI5AY=
github.com/wowchemy/wowchemy-hugo-modules/netlify-cms-academic v0.0.0-20210205224825-50d3d41e9e1a h1:+YPB8FgVKzFGcT21RVBU345fARNYm6xOE/HXmr2D5J0=
github.com/wowchemy/wowchemy-hugo-modules/netlify-cms-academic v0.0.0-20210205224825-50d3d41e9e1a/go.mod h1:TU3QDPUdBSQnvDP5QVCwjAkBIdVMS/bKFA8jr3eI5AY=
github.com/wowchemy/wowchemy-hugo-modules/netlify-cms-academic v0.0.0-20210211185922-b811f9a1bb9c h1:N1VFakCFtViGokG+7cmlGilBPHfIZ3mnMdBXUnFHgoU=
github.com/wowchemy/wowchemy-hugo-modules/netlify-cms-academic v0.0.0-20210211185922-b811f9a1bb9c/go.mod h1:TU3QDPUdBSQnvDP5QVCwjAkBIdVMS/bKFA8jr3eI5AY=
github.com/wowchemy/wowchemy-hugo-modules/netlify-cms-academic v0.0.0-20210219133516-05c772f38946 h1:Q6Wk/i6QTjRQMX+jli1c/ret0YJJvtM6AmTluc/ZRkg=
github.com/wowchemy/wowchemy-hugo-modules/netlify-cms-academic v0.0.0-20210219133516-05c772f38946/go.mod h1:TU3QDPUdBSQnvDP5QVCwjAkBIdVMS/bKFA8jr3eI5AY=
github.com/wowchemy/wowchemy-hugo-modules/netlify-cms-academic v0.0.0-20210222223615-40e01c083e6f h1:BKOEfXjzB+MmJM2HbauTV+f+1gGPsXbhuZUvBQD6dIE=
github.com/wowchemy/wowchemy-hugo-modules/netlify-cms-academic v0.0.0-20210222223615-40e01c083e6f/go.mod h1:TU3QDPUdBSQnvDP5QVCwjAkBIdVMS/bKFA8jr3eI5AY=
github.com/wowchemy/wowchemy-hugo-modules/netlify-cms-academic v0.0.0-20210226164504-3952bfc85cee h1:nCUBehYdZPz2Xyi+OSAh4cFtlF8JgxIgw/1uVXIEi5o=
github.com/wowchemy/wowchemy-hugo-modules/netlify-cms-academic v0.0.0-20210226164504-3952bfc85cee/go.mod h1:TU3QDPUdBSQnvDP5QVCwjAkBIdVMS/bKFA8jr3eI5AY=
github.com/wowchemy/wowchemy-hugo-modules/netlify-cms-academic v0.0.0-20210308212518-cf32fde82412 h1:ZtRyuQ8VfBX+raN/N0KT9FgpAVgLRkFnx2bx43YsuiY=
github.com/wowchemy/wowchemy-hugo-modules/netlify-cms-academic v0.0.0-20210308212518-cf32fde82412/go.mod h1:TU3QDPUdBSQnvDP5QVCwjAkBIdVMS/bKFA8jr3eI5AY=
github.com/wowchemy/wowchemy-hugo-modules/netlify-cms-academic v0.0.0-20210324194200-fda9f39d872e h1:GjAMh6V6/PbiV7RtT5QBzLSFmLH+qhg0vrfQTYRK7qY=
github.com/wowchemy/wowchemy-hugo-modules/netlify-cms-academic v0.0.0-20210324194200-fda9f39d872e/go.mod h1:TU3QDPUdBSQnvDP5QVCwjAkBIdVMS/bKFA8jr3eI5AY=
github.com/wowchemy/wowchemy-hugo-modules/v5 v5.3.0/go.mod h1:akNBhhT0UAOXSREplKkLe2wyHeo51qm6f+vqNkQkcmE=
github.com/wowchemy/wowchemy-hugo-modules/v5 v5.4.0/go.mod h1:akNBhhT0UAOXSREplKkLe2wyHeo51qm6f+vqNkQkcmE=
github.com/wowchemy/wowchemy-hugo-modules/wowchemy v0.0.0-20201102170205-80fce98e72a9 h1:Xlur4C1LriYTITcDsTo5Sl/eyxyspJhccS0EYXcRacA=
github.com/wowchemy/wowchemy-hugo-modules/wowchemy v0.0.0-20201102170205-80fce98e72a9/go.mod h1:H22qfH9qj3FWwsk7+bAZpmT24yRGNQURah2/IRwjbn8=
github.com/wowchemy/wowchemy-hugo-modules/wowchemy v0.0.0-20201106215012-eb76e56841f8 h1:M/vkofRJdtMp0L967Wprqp7KF7IrtuPxPWXmV7iKTfg=
github.com/wowchemy/wowchemy-hugo-modules/wowchemy v0.0.0-20201106215012-eb76e56841f8/go.mod h1:H22qfH9qj3FWwsk7+bAZpmT24yRGNQURah2/IRwjbn8=
github.com/wowchemy/wowchemy-hugo-modules/wowchemy v0.0.0-20201107234021-93ce3d22adfc h1:hx9qDwn2GPk+TY+6aZNpLMC3TP9UB2bBXWFuGQxUUyg=
github.com/wowchemy/wowchemy-hugo-modules/wowchemy v0.0.0-20201107234021-93ce3d22adfc/go.mod h1:H22qfH9qj3FWwsk7+bAZpmT24yRGNQURah2/IRwjbn8=
github.com/wowchemy/wowchemy-hugo-modules/wowchemy v0.0.0-20201113213807-9ee65a120fe8 h1:8kEOyQzH8x2FI/FSSdOS6N+a/3DvCXB2WaSR04EBHiY=
github.com/wowchemy/wowchemy-hugo-modules/wowchemy v0.0.0-20201113213807-9ee65a120fe8/go.mod h1:H22qfH9qj3FWwsk7+bAZpmT24yRGNQURah2/IRwjbn8=
github.com/wowchemy/wowchemy-hugo-modules/wowchemy v0.0.0-20201127232226-e0d593e68892 h1:yl6x54FxYFApKeqMkT8Iuu2l6DEWmKeQj9s0NHNkKfU=
github.com/wowchemy/wowchemy-hugo-modules/wowchemy v0.0.0-20201127232226-e0d593e68892/go.mod h1:H22qfH9qj3FWwsk7+bAZpmT24yRGNQURah2/IRwjbn8=
github.com/wowchemy/wowchemy-hugo-modules/wowchemy v0.0.0-20201129124759-cdcfa2da28e2 h1:gGFh4JB+4FzJEcj9rfQ6pkL+Ql4kQ+DxGcnKJYHKdrM=
github.com/wowchemy/wowchemy-hugo-modules/wowchemy v0.0.0-20201129124759-cdcfa2da28e2/go.mod h1:H22qfH9qj3FWwsk7+bAZpmT24yRGNQURah2/IRwjbn8=
github.com/wowchemy/wowchemy-hugo-modules/wowchemy v0.0.0-20201205224343-d70da8919962 h1:b4u7+a+hwKc59N8h3XEIKIZ7xorf1mIboZwxYsfBvKI=
github.com/wowchemy/wowchemy-hugo-modules/wowchemy v0.0.0-20201205224343-d70da8919962/go.mod h1:H22qfH9qj3FWwsk7+bAZpmT24yRGNQURah2/IRwjbn8=
github.com/wowchemy/wowchemy-hugo-modules/wowchemy v0.0.0-20201211023654-f6090cd7e55d h1:s1Eo9hqvzzN6I+jpx4/GG4yTwCh/26MnZaPvdqrqbis=
github.com/wowchemy/wowchemy-hugo-modules/wowchemy v0.0.0-20201211023654-f6090cd7e55d/go.mod h1:H22qfH9qj3FWwsk7+bAZpmT24yRGNQURah2/IRwjbn8=
github.com/wowchemy/wowchemy-hugo-modules/wowchemy v0.0.0-20201213184117-a0b9887f37fb h1:deUZQs7pFGfVwFhQnKelKq5tpdD32ccXH8gDwxZTQtE=
github.com/wowchemy/wowchemy-hugo-modules/wowchemy v0.0.0-20201213184117-a0b9887f37fb/go.mod h1:H22qfH9qj3FWwsk7+bAZpmT24yRGNQURah2/IRwjbn8=
github.com/wowchemy/wowchemy-hugo-modules/wowchemy v0.0.0-20201221153245-e47738df5972 h1:3qRXrDU+WQP6y9vbGr+IaJMaOKSq3HccgIa/yowNRV4=
github.com/wowchemy/wowchemy-hugo-modules/wowchemy v0.0.0-20201221153245-e47738df5972/go.mod h1:H22qfH9qj3FWwsk7+bAZpmT24yRGNQURah2/IRwjbn8=
github.com/wowchemy/wowchemy-hugo-modules/wowchemy v0.0.0-20201228231801-219b05cbd2c4 h1:EIk8PqNiLg1YcddZWwh2Khgvfkxh5KSX5hNsI7UBJVM=
github.com/wowchemy/wowchemy-hugo-modules/wowchemy v0.0.0-20201228231801-219b05cbd2c4/go.mod h1:H22qfH9qj3FWwsk7+bAZpmT24yRGNQURah2/IRwjbn8=
github.com/wowchemy/wowchemy-hugo-modules/wowchemy v0.0.0-20210113212712-ac4b4e3157c8 h1:Zn5/tBs+Ys4g4QdVn7mvssie2PQewfISy0GkSicO44E=
github.com/wowchemy/wowchemy-hugo-modules/wowchemy v0.0.0-20210113212712-ac4b4e3157c8/go.mod h1:H22qfH9qj3FWwsk7+bAZpmT24yRGNQURah2/IRwjbn8=
github.com/wowchemy/wowchemy-hugo-modules/wowchemy v0.0.0-20210116234944-9f5c626c8f9f h1:KrTCYnakV17GchUUgPZVAo6bLjy68WJTynSg87H6xpk=
github.com/wowchemy/wowchemy-hugo-modules/wowchemy v0.0.0-20210116234944-9f5c626c8f9f/go.mod h1:H22qfH9qj3FWwsk7+bAZpmT24yRGNQURah2/IRwjbn8=
github.com/wowchemy/wowchemy-hugo-modules/wowchemy v0.0.0-20210203203225-5072eddcc1eb h1:7rcoY/0Ql45NL6EdRgpsHGF2Jaa9HtxhONfHssCrbhc=
github.com/wowchemy/wowchemy-hugo-modules/wowchemy v0.0.0-20210203203225-5072eddcc1eb/go.mod h1:H22qfH9qj3FWwsk7+bAZpmT24yRGNQURah2/IRwjbn8=
github.com/wowchemy/wowchemy-hugo-modules/wowchemy v0.0.0-20210205224825-50d3d41e9e1a h1:BxOQUKnIoXDmsexnifhDJlw/xnCxojOYt2vpv2u9IfA=
github.com/wowchemy/wowchemy-hugo-modules/wowchemy v0.0.0-20210205224825-50d3d41e9e1a/go.mod h1:H22qfH9qj3FWwsk7+bAZpmT24yRGNQURah2/IRwjbn8=
github.com/wowchemy/wowchemy-hugo-modules/wowchemy v0.0.0-20210211185922-b811f9a1bb9c h1:rcd9H2OHyw3xiu2H140g22AUvYZPBfvynAyTfubpvg4=
github.com/wowchemy/wowchemy-hugo-modules/wowchemy v0.0.0-20210211185922-b811f9a1bb9c/go.mod h1:H22qfH9qj3FWwsk7+bAZpmT24yRGNQURah2/IRwjbn8=
github.com/wowchemy/wowchemy-hugo-modules/wowchemy v0.0.0-20210219133516-05c772f38946 h1:PPkYFJCSyAMp9J5z9e5k/3CRHrCaWcQdw/hsM2SYqN4=
github.com/wowchemy/wowchemy-hugo-modules/wowchemy v0.0.0-20210219133516-05c772f38946/go.mod h1:H22qfH9qj3FWwsk7+bAZpmT24yRGNQURah2/IRwjbn8=
github.com/wowchemy/wowchemy-hugo-modules/wowchemy v0.0.0-20210222223615-40e01c083e6f h1:uAARNx5j+2uYtpmN5yM4ojImstcvV0HUqjJ9nCVn2c0=
github.com/wowchemy/wowchemy-hugo-modules/wowchemy v0.0.0-20210222223615-40e01c083e6f/go.mod h1:H22qfH9qj3FWwsk7+bAZpmT24yRGNQURah2/IRwjbn8=
github.com/wowchemy/wowchemy-hugo-modules/wowchemy v0.0.0-20210226164504-3952bfc85cee h1:fzgNvnmzCL2gjkMPme48DVakKsRw/iWKJIRgXyYI/bg=
github.com/wowchemy/wowchemy-hugo-modules/wowchemy v0.0.0-20210226164504-3952bfc85cee/go.mod h1:H22qfH9qj3FWwsk7+bAZpmT24yRGNQURah2/IRwjbn8=
github.com/wowchemy/wowchemy-hugo-modules/wowchemy v0.0.0-20210308212518-cf32fde82412 h1:b+jVPvLDCUVMVpoY+cXmpPrQEsms/6rej/8xQfVHPV0=
github.com/wowchemy/wowchemy-hugo-modules/wowchemy v0.0.0-20210308212518-cf32fde82412/go.mod h1:H22qfH9qj3FWwsk7+bAZpmT24yRGNQURah2/IRwjbn8=
github.com/wowchemy/wowchemy-hugo-modules/wowchemy v0.0.0-20210324194200-fda9f39d872e h1:pjf3ttOUrGyqXqFE5HD4zROl5nVD7X06ejz5TwLuwtk=
github.com/wowchemy/wowchemy-hugo-modules/wowchemy v0.0.0-20210324194200-fda9f39d872e/go.mod h1:H22qfH9qj3FWwsk7+bAZpmT24yRGNQURah2/IRwjbn8=
github.com/wowchemy/wowchemy-hugo-modules/wowchemy v0.0.0-20210425191248-0afcc81296de h1:mHQIJmHZXFEqPmH4cUCFfNVUds1hBPUtTHVMMYeopn0=
github.com/wowchemy/wowchemy-hugo-modules/wowchemy v0.0.0-20210425191248-0afcc81296de/go.mod h1:H22qfH9qj3FWwsk7+bAZpmT24yRGNQURah2/IRwjbn8=
github.com/wowchemy/wowchemy-hugo-modules/wowchemy v0.0.0-20210526223849-81ba17522966 h1:qQ+BOah36CL2HMtG4NLZGhZ0MGBwq7CPy9DPll1U8Yk=
github.com/wowchemy/wowchemy-hugo-modules/wowchemy v0.0.0-20210526223849-81ba17522966/go.mod h1:H22qfH9qj3FWwsk7+bAZpmT24yRGNQURah2/IRwjbn8=
github.com/wowchemy/wowchemy-hugo-modules/wowchemy v0.0.0-20210615190506-19ca4a39f23c h1:JrO6hr4s0TzAkezlqzTX5ptSuNQGWyws6yQ54iRz8tQ=
github.com/wowchemy/wowchemy-hugo-modules/wowchemy v0.0.0-20210615190506-19ca4a39f23c/go.mod h1:H22qfH9qj3FWwsk7+bAZpmT24yRGNQURah2/IRwjbn8=
github.com/wowchemy/wowchemy-hugo-modules/wowchemy v0.0.0-20210622185534-c5bc30be99c5 h1:cwLYORGx1+rLZYO0HsX1MRBg4IKMZpXlw5V7xKt4ZQw=
github.com/wowchemy/wowchemy-hugo-modules/wowchemy v0.0.0-20210622185534-c5bc30be99c5/go.mod h1:H22qfH9qj3FWwsk7+bAZpmT24yRGNQURah2/IRwjbn8=
github.com/wowchemy/wowchemy-hugo-modules/wowchemy-cms v0.0.0-20210324194200-fda9f39d872e/go.mod h1:AKpYbqUVlj0VYsc7Jsxe1o8Ko2yV31A5ZPdfpACcXJw=
github.com/wowchemy/wowchemy-hugo-modules/wowchemy-cms v0.0.0-20210622185534-c5bc30be99c5 h1:jZy5bB2fLaf7uWs0vhrEIc//HcuSpIK1lm7bLTxGNLg=
github.com/wowchemy/wowchemy-hugo-modules/wowchemy-cms v0.0.0-20210622185534-c5bc30be99c5/go.mod h1:AKpYbqUVlj0VYsc7Jsxe1o8Ko2yV31A5ZPdfpACcXJw=
github.com/wowchemy/wowchemy-hugo-modules/wowchemy-cms/v5 v5.0.0-20210629192904-559885af86b7/go.mod h1:Sp/AKo+2HAPi/IPHp1MEdKPmee+mzO5+efUBUPLPqPE=
github.com/wowchemy/wowchemy-hugo-modules/wowchemy-cms/v5 v5.0.0-20211128210023-2eecb5875a30 h1:TjsPLxszkECz2mzhlCFNPg5zySBZf8k4N5GwBJsUUiU=
github.com/wowchemy/wowchemy-hugo-modules/wowchemy-cms/v5 v5.0.0-20211128210023-2eecb5875a30/go.mod h1:Sp/AKo+2HAPi/IPHp1MEdKPmee+mzO5+efUBUPLPqPE=
github.com/wowchemy/wowchemy-hugo-modules/wowchemy-cms/v5 v5.0.0-20220109161835-619dbfd16f94 h1:lTWRqYukI/NIq5nvQpAxUNYWfPKcevpVVb8N/G2q/y8=
github.com/wowchemy/wowchemy-hugo-modules/wowchemy-cms/v5 v5.0.0-20220109161835-619dbfd16f94/go.mod h1:Sp/AKo+2HAPi/IPHp1MEdKPmee+mzO5+efUBUPLPqPE=
github.com/wowchemy/wowchemy-hugo-modules/wowchemy-cms/v5 v5.0.0-20220110204553-d134dc7f12cf h1:qeJvLwrIUpGzYRCx3e+/PO3aPwMFlgV0Jy7/G4p/524=
github.com/wowchemy/wowchemy-hugo-modules/wowchemy-cms/v5 v5.0.0-20220110204553-d134dc7f12cf/go.mod h1:Sp/AKo+2HAPi/IPHp1MEdKPmee+mzO5+efUBUPLPqPE=
github.com/wowchemy/wowchemy-hugo-modules/wowchemy-cms/v5 v5.0.0-20220122152657-2ccc34471cfa h1:Yq79BCChdcbB3hF5mXiain70T2cftYCU266TqAU9TQY=
github.com/wowchemy/wowchemy-hugo-modules/wowchemy-cms/v5 v5.0.0-20220122152657-2ccc34471cfa/go.mod h1:Sp/AKo+2HAPi/IPHp1MEdKPmee+mzO5+efUBUPLPqPE=
github.com/wowchemy/wowchemy-hugo-modules/wowchemy/v5 v5.0.0-20210629192904-559885af86b7/go.mod h1:2iL9rdrUYyJXX2BeHKfK+QbqZlubCsaR60nQ87NRQTY=
github.com/wowchemy/wowchemy-hugo-modules/wowchemy/v5 v5.0.0-20211128210023-2eecb5875a30 h1:1gGS5mXfINbvDJl0y0G4IHUVhmR0JAhPI9dQucnbyQQ=
github.com/wowchemy/wowchemy-hugo-modules/wowchemy/v5 v5.0.0-20211128210023-2eecb5875a30/go.mod h1:2iL9rdrUYyJXX2BeHKfK+QbqZlubCsaR60nQ87NRQTY=
github.com/wowchemy/wowchemy-hugo-modules/wowchemy/v5 v5.0.0-20220109161835-619dbfd16f94 h1:ojQMQ7u9M4Ow5yJgp0gEW8/vY9bBiWnCGQrvQ78fhQ4=
github.com/wowchemy/wowchemy-hugo-modules/wowchemy/v5 v5.0.0-20220109161835-619dbfd16f94/go.mod h1:2iL9rdrUYyJXX2BeHKfK+QbqZlubCsaR60nQ87NRQTY=
github.com/wowchemy/wowchemy-hugo-modules/wowchemy/v5 v5.0.0-20220110204553-d134dc7f12cf h1:Ep0yLHjDCGMDkb0UHuBhoxJ2A+/dxGSnDn0q4ZZG+8M=
github.com/wowchemy/wowchemy-hugo-modules/wowchemy/v5 v5.0.0-20220110204553-d134dc7f12cf/go.mod h1:2iL9rdrUYyJXX2BeHKfK+QbqZlubCsaR60nQ87NRQTY=
github.com/wowchemy/wowchemy-hugo-modules/wowchemy/v5 v5.0.0-20220122152657-2ccc34471cfa h1:lndeOYT6OAIcv4bgqnmubWXPZnycWjL69pRYBixfpns=
github.com/wowchemy/wowchemy-hugo-modules/wowchemy/v5 v5.0.0-20220122152657-2ccc34471cfa/go.mod h1:2iL9rdrUYyJXX2BeHKfK+QbqZlubCsaR60nQ87NRQTY=
