github.com/wowchemy/wowchemy-hugo-modules/netlify-cms-academic v0.0.0-20201016182837-be0fa17ac006/go.mod h1:TU3QDPUdBSQnvDP5QVCwjAkBIdVMS/bKFA8jr3eI5AY=
github.com/wowchemy/wowchemy-hugo-modules/netlify-cms-academic v0.0.0-20201106215012-eb76e56841f8 h1:TFddhZc5b01C0AHiwgT2m9USTjV/aGZMCDNpig/1r94=
github.com/wowchemy/wowchemy-hugo-modules/netlify-cms-academic v0.0.0-20201106215012-eb76e56841f8/go.mod h1:TU3QDPUdBSQnvDP5QVCwjAkBIdVMS/bKFA8jr3eI5AY=
github.com/wowchemy/wowchemy-hugo-modules/netlify-cms-academic v0.0.0-20201107234021-93ce3d22adfc h1:GeESKsk5iLrdctI+faHJr+fxZdp91kaMQjZlvhxYaaU=
github.com/wowchemy/wowchemy-hugo-modules/netlify-cms-academic v0.0.0-20201107234021-93ce3d22adfc/go.mod h1:TU3QDPUdBSQnvDP5QVCwjAkBIdVMS/bKFA8jr3eI5AY=
github.com/wowchemy/wowchemy-hugo-modules/netlify-cms-academic v0.0.0-20201113213807-9ee65a120fe8 h1:md77MNLWh5zN/D+kQhrk1HxoWeOR31RkSqaNBrRLN+M=
github.com/wowchemy/wowchemy-hugo-modules/netlify-cms-academic v0.0.0-20201113213807-9ee65a120fe8/go.mod h1:TU3QDPUdBSQnvDP5QVCwjAkBIdVMS/bKFA8jr3eI5AY=
github.com/wowchemy/wowchemy-hugo-modules/netlify-cms-academic v0.0.0-20201127232226-e0d593e68892 h1:PXfWoCmgnkYZSUcJonrsC26VAZ3RioozGsqxg2BKDko=
github.com/wowchemy/wowchemy-hugo-modules/netlify-cms-academic v0.0.0-20201127232226-e0d593e68892/go.mod h1:TU3QDPUdBSQnvDP5QVCwjAkBIdVMS/bKFA8jr3eI5AY=
github.com/wowchemy/wowchemy-hugo-modules/netlify-cms-academic v0.0.0-20201129124759-cdcfa2da28e2 h1:9xMDzFv9AeLK1hk+/zUQZn9xMVEqnaEXLucTDmuV9wo=
github.com/wowchemy/wowchemy-hugo-modules/netlify-cms-academic v0.0.0-20201129124759-cdcfa2da28e2/go.mod h1:TU3QDPUdBSQnvDP5QVCwjAkBIdVMS/bKFA8jr3eI5AY=
github.com/wowchemy/wowchemy-hugo-modules/netlify-cms-academic v0.0.0-20201205224343-d70da8919962 h1:XNsLf9o4lVGHd3hnadtun6VjeDy0tHbPMO5fvS+lOjY=
github.com/wowchemy/wowchemy-hugo-modules/netlify-cms-academic v0.0.0-20201205224343-d70da8919962/go.mod h1:TU3QDPUdBSQnvDP5QVCwjAkBIdVMS/bKFA8jr3eI5AY=
github.com/wowchemy/wowchemy-hugo-modules/netlify-cms-academic v0.0.0-20201211023654-f6090cd7e55d h1:o3oXxH4+9fTBcBVJ5hAiFCJjJ5ZyQZV7glQJZLJeHc8=
github.com/wowchemy/wowchemy-hugo-modules/netlify-cms-academic v0.0.0-20201211023654-f6090cd7e55d/go.mod h1:TU3QDPUdBSQnvDP5QVCwjAkBIdVMS/bKFA8jr3eI5AY=
github.com/wowchemy/wowchemy-hugo-modules/netlify-cms-academic v0.0.0-20201213184117-a0b9887f37fb h1:EkBd7ZWpXknKgJ3pLJMUbnL5wtVmze/7qhlKIYfIv5k=
github.com/wowchemy/wowchemy-hugo-modules/netlify-cms-academic v0.0.0-20201213184117-a0b9887f37fb/go.mod h1:TU3QDPUdBSQnvDP5QVCwjAkBIdVMS/bKFA8jr3eI5AY=
github.com/wowchemy/wowchemy-hugo-modules/wowchemy v0.0.0-20201102170205-80fce98e72a9 h1:Xlur4C1LriYTITcDsTo5Sl/eyxyspJhccS0EYXcRacA=
github.com/wowchemy/wowchemy-hugo-modules/wowchemy v0.0.0-20201102170205-80fce98e72a9/go.mod h1:H22qfH9qj3FWwsk7+bAZpmT24yRGNQURah2/IRwjbn8=
github.com/wowchemy/wowchemy-hugo-modules/wowchemy v0.0.0-20201106215012-eb76e56841f8 h1:M/vkofRJdtMp0L967Wprqp7KF7IrtuPxPWXmV7iKTfg=
github.com/wowchemy/wowchemy-hugo-modules/wowchemy v0.0.0-20201106215012-eb76e56841f8/go.mod h1:H22qfH9qj3FWwsk7+bAZpmT24yRGNQURah2/IRwjbn8=
github.com/wowchemy/wowchemy-hugo-modules/wowchemy v0.0.0-20201107234021-93ce3d22adfc h1:hx9qDwn2GPk+TY+6aZNpLMC3TP9UB2bBXWFuGQxUUyg=
github.com/wowchemy/wowchemy-hugo-modules/wowchemy v0.0.0-20201107234021-93ce3d22adfc/go.mod h1:H22qfH9qj3FWwsk7+bAZpmT24yRGNQURah2/IRwjbn8=
github.com/wowchemy/wowchemy-hugo-modules/wowchemy v0.0.0-20201113213807-9ee65a120fe8 h1:8kEOyQzH8x2FI/FSSdOS6N+a/3DvCXB2WaSR04EBHiY=
github.com/wowchemy/wowchemy-hugo-modules/wowchemy v0.0.0-20201113213807-9ee65a120fe8/go.mod h1:H22qfH9qj3FWwsk7+bAZpmT24yRGNQURah2/IRwjbn8=
github.com/wowchemy/wowchemy-hugo-modules/wowchemy v0.0.0-20201127232226-e0d593e68892 h1:yl6x54FxYFApKeqMkT8Iuu2l6DEWmKeQj9s0NHNkKfU=
github.com/wowchemy/wowchemy-hugo-modules/wowchemy v0.0.0-20201127232226-e0d593e68892/go.mod h1:H22qfH9qj3FWwsk7+bAZpmT24yRGNQURah2/IRwjbn8=
github.com/wowchemy/wowchemy-hugo-modules/wowchemy v0.0.0-20201129124759-cdcfa2da28e2 h1:gGFh4JB+4FzJEcj9rfQ6pkL+Ql4kQ+DxGcnKJYHKdrM=
github.com/wowchemy/wowchemy-hugo-modules/wowchemy v0.0.0-20201129124759-cdcfa2da28e2/go.mod h1:H22qfH9qj3FWwsk7+bAZpmT24yRGNQURah2/IRwjbn8=
github.com/wowchemy/wowchemy-hugo-modules/wowchemy v0.0.0-20201205224343-d70da8919962 h1:b4u7+a+hwKc59N8h3XEIKIZ7xorf1mIboZwxYsfBvKI=
github.com/wowchemy/wowchemy-hugo-modules/wowchemy v0.0.0-20201205224343-d70da8919962/go.mod h1:H22qfH9qj3FWwsk7+bAZpmT24yRGNQURah2/IRwjbn8=
github.com/wowchemy/wowchemy-hugo-modules/wowchemy v0.0.0-20201211023654-f6090cd7e55d h1:s1Eo9hqvzzN6I+jpx4/GG4yTwCh/26MnZaPvdqrqbis=
github.com/wowchemy/wowchemy-hugo-modules/wowchemy v0.0.0-20201211023654-f6090cd7e55d/go.mod h1:H22qfH9qj3FWwsk7+bAZpmT24yRGNQURah2/IRwjbn8=
github.com/wowchemy/wowchemy-hugo-modules/wowchemy v0.0.0-20201213184117-a0b9887f37fb h1:deUZQs7pFGfVwFhQnKelKq5tpdD32ccXH8gDwxZTQtE=
github.com/wowchemy/wowchemy-hugo-modules/wowchemy v0.0.0-20201213184117-a0b9887f37fb/go.mod h1:H22qfH9qj3FWwsk7+bAZpmT24yRGNQURah2/IRwjbn8=
